
Microsoft Visual Studio Solution File, Format Version 12.00
# Visual Studio Version 17
VisualStudioVersion = 17.9.34310.174
MinimumVisualStudioVersion = 10.0.40219.1
Project("{FAE04EC0-301F-11D3-BF4B-00C04F79EFBC}") = "OrderingGifts_Тепляков", "OrderingGifts_Фамилия\OrderingGifts_Тепляков.csproj", "{DD2A7D70-1250-4D4E-B1D8-3ADF32021D92}"
EndProject
Global
	GlobalSection(SolutionConfigurationPlatforms) = preSolution
		Debug|Any CPU = Debug|Any CPU
		Release|Any CPU = Release|Any CPU
	EndGlobalSection
	GlobalSection(ProjectConfigurationPlatforms) = postSolution
		{DD2A7D70-1250-4D4E-B1D8-3ADF32021D92}.Debug|Any CPU.ActiveCfg = Debug|Any CPU
		{DD2A7D70-1250-4D4E-B1D8-3ADF32021D92}.Debug|Any CPU.Build.0 = Debug|Any CPU
		{DD2A7D70-1250-4D4E-B1D8-3ADF32021D92}.Release|Any CPU.ActiveCfg = Release|Any CPU
		{DD2A7D70-1250-4D4E-B1D8-3ADF32021D92}.Release|Any CPU.Build.0 = Release|Any CPU
	EndGlobalSection
	GlobalSection(SolutionProperties) = preSolution
		HideSolutionNode = FALSE
	EndGlobalSection
	GlobalSection(ExtensibilityGlobals) = postSolution
		SolutionGuid = {7E04784B-E355-4BAA-BDF3-51848DC10F3A}
	EndGlobalSection
EndGlobal
